
Microsoft Visual Studio Solution File, Format Version 12.00
# Visual Studio Version 16
VisualStudioVersion = 16.0.30114.105
MinimumVisualStudioVersion = 10.0.40219.1
Project("{FAE04EC0-301F-11D3-BF4B-00C04F79EFBC}") = "Assignment3", "Assignment3\Assignment3.csproj", "{E0A59ABD-8CD8-405E-86BF-B6F4005CBC67}"
EndProject
Project("{FAE04EC0-301F-11D3-BF4B-00C04F79EFBC}") = "ConsoleAppStringReverseClass", "ConsoleAppStringReverseClass\ConsoleAppStringReverseClass.csproj", "{FE5DA4F8-C7CA-4650-8A18-4B292071C283}"
EndProject
Global
	GlobalSection(SolutionConfigurationPlatforms) = preSolution
		Debug|Any CPU = Debug|Any CPU
		Release|Any CPU = Release|Any CPU
	EndGlobalSection
	GlobalSection(ProjectConfigurationPlatforms) = postSolution
		{E0A59ABD-8CD8-405E-86BF-B6F4005CBC67}.Debug|Any CPU.ActiveCfg = Debug|Any CPU
		{E0A59ABD-8CD8-405E-86BF-B6F4005CBC67}.Debug|Any CPU.Build.0 = Debug|Any CPU
		{E0A59ABD-8CD8-405E-86BF-B6F4005CBC67}.Release|Any CPU.ActiveCfg = Release|Any CPU
		{E0A59ABD-8CD8-405E-86BF-B6F4005CBC67}.Release|Any CPU.Build.0 = Release|Any CPU
		{FE5DA4F8-C7CA-4650-8A18-4B292071C283}.Debug|Any CPU.ActiveCfg = Debug|Any CPU
		{FE5DA4F8-C7CA-4650-8A18-4B292071C283}.Debug|Any CPU.Build.0 = Debug|Any CPU
		{FE5DA4F8-C7CA-4650-8A18-4B292071C283}.Release|Any CPU.ActiveCfg = Release|Any CPU
		{FE5DA4F8-C7CA-4650-8A18-4B292071C283}.Release|Any CPU.Build.0 = Release|Any CPU
	EndGlobalSection
	GlobalSection(SolutionProperties) = preSolution
		HideSolutionNode = FALSE
	EndGlobalSection
	GlobalSection(ExtensibilityGlobals) = postSolution
		SolutionGuid = {7B16C45E-579E-4113-8692-ADBA8AB75E3C}
	EndGlobalSection
EndGlobal
