
Microsoft Visual Studio Solution File, Format Version 12.00
# Visual Studio Version 16
VisualStudioVersion = 16.0.30320.27
MinimumVisualStudioVersion = 10.0.40219.1
Project("{FAE04EC0-301F-11D3-BF4B-00C04F79EFBC}") = "UsedVehicleSystem", "UsedVehicleSystem\UsedVehicleSystem.csproj", "{26C57C67-6612-4D0C-8801-CD2FA0C0F7B5}"
EndProject
Global
	GlobalSection(SolutionConfigurationPlatforms) = preSolution
		Debug|Any CPU = Debug|Any CPU
		Release|Any CPU = Release|Any CPU
	EndGlobalSection
	GlobalSection(ProjectConfigurationPlatforms) = postSolution
		{26C57C67-6612-4D0C-8801-CD2FA0C0F7B5}.Debug|Any CPU.ActiveCfg = Debug|Any CPU
		{26C57C67-6612-4D0C-8801-CD2FA0C0F7B5}.Debug|Any CPU.Build.0 = Debug|Any CPU
		{26C57C67-6612-4D0C-8801-CD2FA0C0F7B5}.Release|Any CPU.ActiveCfg = Release|Any CPU
		{26C57C67-6612-4D0C-8801-CD2FA0C0F7B5}.Release|Any CPU.Build.0 = Release|Any CPU
	EndGlobalSection
	GlobalSection(SolutionProperties) = preSolution
		HideSolutionNode = FALSE
	EndGlobalSection
	GlobalSection(ExtensibilityGlobals) = postSolution
		SolutionGuid = {F4E9BD9F-138E-4BE8-AA02-58C869AB38B8}
	EndGlobalSection
EndGlobal
