
Microsoft Visual Studio Solution File, Format Version 12.00
# Visual Studio Version 16
VisualStudioVersion = 16.0.30114.105
MinimumVisualStudioVersion = 10.0.40219.1
Project("{FAE04EC0-301F-11D3-BF4B-00C04F79EFBC}") = "Assignment6", "Assignment6\Assignment6.csproj", "{F2AFF920-16A4-41A8-AB6B-B143CEBB5D08}"
EndProject
Global
	GlobalSection(SolutionConfigurationPlatforms) = preSolution
		Debug|Any CPU = Debug|Any CPU
		Release|Any CPU = Release|Any CPU
	EndGlobalSection
	GlobalSection(ProjectConfigurationPlatforms) = postSolution
		{F2AFF920-16A4-41A8-AB6B-B143CEBB5D08}.Debug|Any CPU.ActiveCfg = Debug|Any CPU
		{F2AFF920-16A4-41A8-AB6B-B143CEBB5D08}.Debug|Any CPU.Build.0 = Debug|Any CPU
		{F2AFF920-16A4-41A8-AB6B-B143CEBB5D08}.Release|Any CPU.ActiveCfg = Release|Any CPU
		{F2AFF920-16A4-41A8-AB6B-B143CEBB5D08}.Release|Any CPU.Build.0 = Release|Any CPU
	EndGlobalSection
	GlobalSection(SolutionProperties) = preSolution
		HideSolutionNode = FALSE
	EndGlobalSection
	GlobalSection(ExtensibilityGlobals) = postSolution
		SolutionGuid = {1A01F154-31D5-4B45-BE81-B8FF22A7B5E5}
	EndGlobalSection
EndGlobal
