
Microsoft Visual Studio Solution File, Format Version 12.00
# Visual Studio Version 16
VisualStudioVersion = 16.0.30114.105
MinimumVisualStudioVersion = 10.0.40219.1
Project("{FAE04EC0-301F-11D3-BF4B-00C04F79EFBC}") = "ConsoleAppYu-HsuanHuang", "ConsoleAppLab1\ConsoleAppYu-HsuanHuang.csproj", "{A532B225-399E-497C-9498-83870479BD4F}"
EndProject
Global
	GlobalSection(SolutionConfigurationPlatforms) = preSolution
		Debug|Any CPU = Debug|Any CPU
		Release|Any CPU = Release|Any CPU
	EndGlobalSection
	GlobalSection(ProjectConfigurationPlatforms) = postSolution
		{A532B225-399E-497C-9498-83870479BD4F}.Debug|Any CPU.ActiveCfg = Debug|Any CPU
		{A532B225-399E-497C-9498-83870479BD4F}.Debug|Any CPU.Build.0 = Debug|Any CPU
		{A532B225-399E-497C-9498-83870479BD4F}.Release|Any CPU.ActiveCfg = Release|Any CPU
		{A532B225-399E-497C-9498-83870479BD4F}.Release|Any CPU.Build.0 = Release|Any CPU
	EndGlobalSection
	GlobalSection(SolutionProperties) = preSolution
		HideSolutionNode = FALSE
	EndGlobalSection
	GlobalSection(ExtensibilityGlobals) = postSolution
		SolutionGuid = {947E720F-53EF-44F8-85A4-AB9CED0E2470}
	EndGlobalSection
EndGlobal
